
Microsoft Visual Studio Solution File, Format Version 12.00
# Visual Studio Version 16
VisualStudioVersion = 16.0.32126.315
MinimumVisualStudioVersion = 10.0.40219.1
Project("{FAE04EC0-301F-11D3-BF4B-00C04F79EFBC}") = "BestCycleRentals.Server", "BestCycleRentals\Server\BestCycleRentals.Server.csproj", "{E31A6E2C-B53D-4D0A-93DA-4ECDEF44BBBD}"
EndProject
Project("{FAE04EC0-301F-11D3-BF4B-00C04F79EFBC}") = "BestCycleRentals.Client", "BestCycleRentals\Client\BestCycleRentals.Client.csproj", "{3056A235-6460-43FA-BD5A-F0404324B5FB}"
EndProject
Project("{FAE04EC0-301F-11D3-BF4B-00C04F79EFBC}") = "BestCycleRentals.Shared", "BestCycleRentals\Shared\BestCycleRentals.Shared.csproj", "{13802E5C-DC99-46A8-BDAE-0F881C28E2A3}"
EndProject
Global
	GlobalSection(SolutionConfigurationPlatforms) = preSolution
		Debug|Any CPU = Debug|Any CPU
		Release|Any CPU = Release|Any CPU
	EndGlobalSection
	GlobalSection(ProjectConfigurationPlatforms) = postSolution
		{E31A6E2C-B53D-4D0A-93DA-4ECDEF44BBBD}.Debug|Any CPU.ActiveCfg = Debug|Any CPU
		{E31A6E2C-B53D-4D0A-93DA-4ECDEF44BBBD}.Debug|Any CPU.Build.0 = Debug|Any CPU
		{E31A6E2C-B53D-4D0A-93DA-4ECDEF44BBBD}.Release|Any CPU.ActiveCfg = Release|Any CPU
		{E31A6E2C-B53D-4D0A-93DA-4ECDEF44BBBD}.Release|Any CPU.Build.0 = Release|Any CPU
		{3056A235-6460-43FA-BD5A-F0404324B5FB}.Debug|Any CPU.ActiveCfg = Debug|Any CPU
		{3056A235-6460-43FA-BD5A-F0404324B5FB}.Debug|Any CPU.Build.0 = Debug|Any CPU
		{3056A235-6460-43FA-BD5A-F0404324B5FB}.Release|Any CPU.ActiveCfg = Release|Any CPU
		{3056A235-6460-43FA-BD5A-F0404324B5FB}.Release|Any CPU.Build.0 = Release|Any CPU
		{13802E5C-DC99-46A8-BDAE-0F881C28E2A3}.Debug|Any CPU.ActiveCfg = Debug|Any CPU
		{13802E5C-DC99-46A8-BDAE-0F881C28E2A3}.Debug|Any CPU.Build.0 = Debug|Any CPU
		{13802E5C-DC99-46A8-BDAE-0F881C28E2A3}.Release|Any CPU.ActiveCfg = Release|Any CPU
		{13802E5C-DC99-46A8-BDAE-0F881C28E2A3}.Release|Any CPU.Build.0 = Release|Any CPU
	EndGlobalSection
	GlobalSection(SolutionProperties) = preSolution
		HideSolutionNode = FALSE
	EndGlobalSection
	GlobalSection(ExtensibilityGlobals) = postSolution
		SolutionGuid = {6E067AD4-2C02-43FD-9CFF-AB6D6A721A93}
	EndGlobalSection
EndGlobal
